
Microsoft Visual Studio Solution File, Format Version 12.00
# Visual Studio Version 17
VisualStudioVersion = 17.6.33829.357
MinimumVisualStudioVersion = 10.0.40219.1
Project("{FAE04EC0-301F-11D3-BF4B-00C04F79EFBC}") = "CoreVsApp", "CoreVsApp\CoreVsApp.csproj", "{44B303CB-A621-49FB-BA81-3452B25F90EE}"
EndProject
Global
	GlobalSection(SolutionConfigurationPlatforms) = preSolution
		Debug|Any CPU = Debug|Any CPU
		Release|Any CPU = Release|Any CPU
	EndGlobalSection
	GlobalSection(ProjectConfigurationPlatforms) = postSolution
		{44B303CB-A621-49FB-BA81-3452B25F90EE}.Debug|Any CPU.ActiveCfg = Debug|Any CPU
		{44B303CB-A621-49FB-BA81-3452B25F90EE}.Debug|Any CPU.Build.0 = Debug|Any CPU
		{44B303CB-A621-49FB-BA81-3452B25F90EE}.Release|Any CPU.ActiveCfg = Release|Any CPU
		{44B303CB-A621-49FB-BA81-3452B25F90EE}.Release|Any CPU.Build.0 = Release|Any CPU
	EndGlobalSection
	GlobalSection(SolutionProperties) = preSolution
		HideSolutionNode = FALSE
	EndGlobalSection
	GlobalSection(ExtensibilityGlobals) = postSolution
		SolutionGuid = {B39795A9-6BEE-4EB4-AA85-23F8E481EAF0}
	EndGlobalSection
EndGlobal
